
Microsoft Visual Studio Solution File, Format Version 12.00
# Visual Studio Version 17
VisualStudioVersion = 17.6.33829.357
MinimumVisualStudioVersion = 10.0.40219.1
Project("{8BC9CEB8-8B4A-11D0-8D11-00A0C91BC942}") = "TicTacToe", "TicTacToe\TicTacToe.vcxproj", "{8780D52F-861C-4418-93BE-18D51083A9AF}"
EndProject
Global
	GlobalSection(SolutionConfigurationPlatforms) = preSolution
		Debug|x64 = Debug|x64
		Debug|x86 = Debug|x86
		Release|x64 = Release|x64
		Release|x86 = Release|x86
	EndGlobalSection
	GlobalSection(ProjectConfigurationPlatforms) = postSolution
		{8780D52F-861C-4418-93BE-18D51083A9AF}.Debug|x64.ActiveCfg = Debug|x64
		{8780D52F-861C-4418-93BE-18D51083A9AF}.Debug|x64.Build.0 = Debug|x64
		{8780D52F-861C-4418-93BE-18D51083A9AF}.Debug|x86.ActiveCfg = Debug|Win32
		{8780D52F-861C-4418-93BE-18D51083A9AF}.Debug|x86.Build.0 = Debug|Win32
		{8780D52F-861C-4418-93BE-18D51083A9AF}.Release|x64.ActiveCfg = Release|x64
		{8780D52F-861C-4418-93BE-18D51083A9AF}.Release|x64.Build.0 = Release|x64
		{8780D52F-861C-4418-93BE-18D51083A9AF}.Release|x86.ActiveCfg = Release|Win32
		{8780D52F-861C-4418-93BE-18D51083A9AF}.Release|x86.Build.0 = Release|Win32
	EndGlobalSection
	GlobalSection(SolutionProperties) = preSolution
		HideSolutionNode = FALSE
	EndGlobalSection
	GlobalSection(ExtensibilityGlobals) = postSolution
		SolutionGuid = {C95539FA-DEFB-4EA3-9A2D-F42C1A9785D5}
	EndGlobalSection
EndGlobal
